
Microsoft Visual Studio Solution File, Format Version 12.00
# Visual Studio 15
VisualStudioVersion = 15.0.28307.1000
MinimumVisualStudioVersion = 10.0.40219.1
Project("{FAE04EC0-301F-11D3-BF4B-00C04F79EFBC}") = "Syndic", "Syndic\Syndic.csproj", "{48670DB7-9B35-47F1-84C6-BEBD6E6F8604}"
EndProject
Global
	GlobalSection(SolutionConfigurationPlatforms) = preSolution
		Debug|Any CPU = Debug|Any CPU
		Release|Any CPU = Release|Any CPU
	EndGlobalSection
	GlobalSection(ProjectConfigurationPlatforms) = postSolution
		{48670DB7-9B35-47F1-84C6-BEBD6E6F8604}.Debug|Any CPU.ActiveCfg = Debug|Any CPU
		{48670DB7-9B35-47F1-84C6-BEBD6E6F8604}.Debug|Any CPU.Build.0 = Debug|Any CPU
		{48670DB7-9B35-47F1-84C6-BEBD6E6F8604}.Release|Any CPU.ActiveCfg = Release|Any CPU
		{48670DB7-9B35-47F1-84C6-BEBD6E6F8604}.Release|Any CPU.Build.0 = Release|Any CPU
	EndGlobalSection
	GlobalSection(SolutionProperties) = preSolution
		HideSolutionNode = FALSE
	EndGlobalSection
	GlobalSection(ExtensibilityGlobals) = postSolution
		SolutionGuid = {A60B4476-782D-429F-ADBE-199D7A474A9B}
	EndGlobalSection
EndGlobal
